
Microsoft Visual Studio Solution File, Format Version 12.00
# Visual Studio Version 16
VisualStudioVersion = 16.0.31105.61
MinimumVisualStudioVersion = 10.0.40219.1
Project("{8BC9CEB8-8B4A-11D0-8D11-00A0C91BC942}") = "Project2", "Project2\Project2.vcxproj", "{13DA2FA7-D551-4673-B8FB-745A58AFD0F5}"
EndProject
Global
	GlobalSection(SolutionConfigurationPlatforms) = preSolution
		Debug|x64 = Debug|x64
		Debug|x86 = Debug|x86
		Release|x64 = Release|x64
		Release|x86 = Release|x86
	EndGlobalSection
	GlobalSection(ProjectConfigurationPlatforms) = postSolution
		{13DA2FA7-D551-4673-B8FB-745A58AFD0F5}.Debug|x64.ActiveCfg = Debug|x64
		{13DA2FA7-D551-4673-B8FB-745A58AFD0F5}.Debug|x64.Build.0 = Debug|x64
		{13DA2FA7-D551-4673-B8FB-745A58AFD0F5}.Debug|x86.ActiveCfg = Debug|Win32
		{13DA2FA7-D551-4673-B8FB-745A58AFD0F5}.Debug|x86.Build.0 = Debug|Win32
		{13DA2FA7-D551-4673-B8FB-745A58AFD0F5}.Release|x64.ActiveCfg = Release|x64
		{13DA2FA7-D551-4673-B8FB-745A58AFD0F5}.Release|x64.Build.0 = Release|x64
		{13DA2FA7-D551-4673-B8FB-745A58AFD0F5}.Release|x86.ActiveCfg = Release|Win32
		{13DA2FA7-D551-4673-B8FB-745A58AFD0F5}.Release|x86.Build.0 = Release|Win32
	EndGlobalSection
	GlobalSection(SolutionProperties) = preSolution
		HideSolutionNode = FALSE
	EndGlobalSection
	GlobalSection(ExtensibilityGlobals) = postSolution
		SolutionGuid = {CCDF9D8E-EBD5-4BFB-9F06-4E0AB8B161B8}
	EndGlobalSection
EndGlobal
